// !$*UTF8*$!
{
	archiveVersion = 1;
	classes = {
	};
	objectVersion = 52;
	objects = {

/* Begin PBXBuildFile section */
		1A208B5B26861412007EEAF4 /* AppDelegate.swift in Sources */ = {isa = PBXBuildFile; fileRef = 1A208B5A26861412007EEAF4 /* AppDelegate.swift */; };
		1A208B5D26861412007EEAF4 /* SceneDelegate.swift in Sources */ = {isa = PBXBuildFile; fileRef = 1A208B5C26861412007EEAF4 /* SceneDelegate.swift */; };
		1A208B5F26861412007EEAF4 /* ViewController.swift in Sources */ = {isa = PBXBuildFile; fileRef = 1A208B5E26861412007EEAF4 /* ViewController.swift */; };
		1A208B6226861412007EEAF4 /* Main.storyboard in Resources */ = {isa = PBXBuildFile; fileRef = 1A208B6026861412007EEAF4 /* Main.storyboard */; };
		1A208B6426861414007EEAF4 /* Assets.xcassets in Resources */ = {isa = PBXBuildFile; fileRef = 1A208B6326861414007EEAF4 /* Assets.xcassets */; };
		1A208B6726861414007EEAF4 /* LaunchScreen.storyboard in Resources */ = {isa = PBXBuildFile; fileRef = 1A208B6526861414007EEAF4 /* LaunchScreen.storyboard */; };
		1A208B6F26861643007EEAF4 /* CustomTableViewCell.swift in Sources */ = {isa = PBXBuildFile; fileRef = 1A208B6E26861643007EEAF4 /* CustomTableViewCell.swift */; };
		1A208B71268B460C007EEAF4 /* Stock.swift in Sources */ = {isa = PBXBuildFile; fileRef = 1A208B70268B460C007EEAF4 /* Stock.swift */; };
		1A208B74268C79A0007EEAF4 /* TinyConstraints in Frameworks */ = {isa = PBXBuildFile; productRef = 1A208B73268C79A0007EEAF4 /* TinyConstraints */; };
/* End PBXBuildFile section */

/* Begin PBXFileReference section */
		1A208B5726861412007EEAF4 /* Stocks.app */ = {isa = PBXFileReference; explicitFileType = wrapper.application; includeInIndex = 0; path = Stocks.app; sourceTree = BUILT_PRODUCTS_DIR; };
		1A208B5A26861412007EEAF4 /* AppDelegate.swift */ = {isa = PBXFileReference; lastKnownFileType = sourcecode.swift; path = AppDelegate.swift; sourceTree = "<group>"; };
		1A208B5C26861412007EEAF4 /* SceneDelegate.swift */ = {isa = PBXFileReference; lastKnownFileType = sourcecode.swift; path = SceneDelegate.swift; sourceTree = "<group>"; };
		1A208B5E26861412007EEAF4 /* ViewController.swift */ = {isa = PBXFileReference; lastKnownFileType = sourcecode.swift; path = ViewController.swift; sourceTree = "<group>"; };
		1A208B6126861412007EEAF4 /* Base */ = {isa = PBXFileReference; lastKnownFileType = file.storyboard; name = Base; path = Base.lproj/Main.storyboard; sourceTree = "<group>"; };
		1A208B6326861414007EEAF4 /* Assets.xcassets */ = {isa = PBXFileReference; lastKnownFileType = folder.assetcatalog; path = Assets.xcassets; sourceTree = "<group>"; };
		1A208B6626861414007EEAF4 /* Base */ = {isa = PBXFileReference; lastKnownFileType = file.storyboard; name = Base; path = Base.lproj/LaunchScreen.storyboard; sourceTree = "<group>"; };
		1A208B6826861414007EEAF4 /* Info.plist */ = {isa = PBXFileReference; lastKnownFileType = text.plist.xml; path = Info.plist; sourceTree = "<group>"; };
		1A208B6E26861643007EEAF4 /* CustomTableViewCell.swift */ = {isa = PBXFileReference; lastKnownFileType = sourcecode.swift; path = CustomTableViewCell.swift; sourceTree = "<group>"; };
		1A208B70268B460C007EEAF4 /* Stock.swift */ = {isa = PBXFileReference; lastKnownFileType = sourcecode.swift; path = Stock.swift; sourceTree = "<group>"; };
/* End PBXFileReference section */

/* Begin PBXFrameworksBuildPhase section */
		1A208B5426861412007EEAF4 /* Frameworks */ = {
			isa = PBXFrameworksBuildPhase;
			buildActionMask = 2147483647;
			files = (
				1A208B74268C79A0007EEAF4 /* TinyConstraints in Frameworks */,
			);
			runOnlyForDeploymentPostprocessing = 0;
		};
/* End PBXFrameworksBuildPhase section */

/* Begin PBXGroup section */
		1A208B4E26861412007EEAF4 = {
			isa = PBXGroup;
			children = (
				1A208B5926861412007EEAF4 /* Stocks */,
				1A208B5826861412007EEAF4 /* Products */,
			);
			sourceTree = "<group>";
		};
		1A208B5826861412007EEAF4 /* Products */ = {
			isa = PBXGroup;
			children = (
				1A208B5726861412007EEAF4 /* Stocks.app */,
			);
			name = Products;
			sourceTree = "<group>";
		};
		1A208B5926861412007EEAF4 /* Stocks */ = {
			isa = PBXGroup;
			children = (
				1A208B5A26861412007EEAF4 /* AppDelegate.swift */,
				1A208B5C26861412007EEAF4 /* SceneDelegate.swift */,
				1A208B76268C7A40007EEAF4 /* New Group */,
				1A208B70268B460C007EEAF4 /* Stock.swift */,
				1A208B75268C79F0007EEAF4 /* View */,
				1A208B6326861414007EEAF4 /* Assets.xcassets */,
				1A208B6526861414007EEAF4 /* LaunchScreen.storyboard */,
				1A208B6826861414007EEAF4 /* Info.plist */,
			);
			path = Stocks;
			sourceTree = "<group>";
		};
		1A208B75268C79F0007EEAF4 /* View */ = {
			isa = PBXGroup;
			children = (
				1A208B6026861412007EEAF4 /* Main.storyboard */,
				1A208B6E26861643007EEAF4 /* CustomTableViewCell.swift */,
			);
			path = View;
			sourceTree = "<group>";
		};
		1A208B76268C7A40007EEAF4 /* New Group */ = {
			isa = PBXGroup;
			children = (
				1A208B5E26861412007EEAF4 /* ViewController.swift */,
			);
			path = "New Group";
			sourceTree = "<group>";
		};
/* End PBXGroup section */

/* Begin PBXNativeTarget section */
		1A208B5626861412007EEAF4 /* Stocks */ = {
			isa = PBXNativeTarget;
			buildConfigurationList = 1A208B6B26861414007EEAF4 /* Build configuration list for PBXNativeTarget "Stocks" */;
			buildPhases = (
				1A208B5326861412007EEAF4 /* Sources */,
				1A208B5426861412007EEAF4 /* Frameworks */,
				1A208B5526861412007EEAF4 /* Resources */,
			);
			buildRules = (
			);
			dependencies = (
			);
			name = Stocks;
			packageProductDependencies = (
				1A208B73268C79A0007EEAF4 /* TinyConstraints */,
			);
			productName = Stocks;
			productReference = 1A208B5726861412007EEAF4 /* Stocks.app */;
			productType = "com.apple.product-type.application";
		};
/* End PBXNativeTarget section */

/* Begin PBXProject section */
		1A208B4F26861412007EEAF4 /* Project object */ = {
			isa = PBXProject;
			attributes = {
				LastSwiftUpdateCheck = 1250;
				LastUpgradeCheck = 1250;
				TargetAttributes = {
					1A208B5626861412007EEAF4 = {
						CreatedOnToolsVersion = 12.5.1;
					};
				};
			};
			buildConfigurationList = 1A208B5226861412007EEAF4 /* Build configuration list for PBXProject "Stocks" */;
			compatibilityVersion = "Xcode 9.3";
			developmentRegion = en;
			hasScannedForEncodings = 0;
			knownRegions = (
				en,
				Base,
			);
			mainGroup = 1A208B4E26861412007EEAF4;
			packageReferences = (
				1A208B72268C79A0007EEAF4 /* XCRemoteSwiftPackageReference "TinyConstraints" */,
			);
			productRefGroup = 1A208B5826861412007EEAF4 /* Products */;
			projectDirPath = "";
			projectRoot = "";
			targets = (
				1A208B5626861412007EEAF4 /* Stocks */,
			);
		};
/* End PBXProject section */

/* Begin PBXResourcesBuildPhase section */
		1A208B5526861412007EEAF4 /* Resources */ = {
			isa = PBXResourcesBuildPhase;
			buildActionMask = 2147483647;
			files = (
				1A208B6726861414007EEAF4 /* LaunchScreen.storyboard in Resources */,
				1A208B6426861414007EEAF4 /* Assets.xcassets in Resources */,
				1A208B6226861412007EEAF4 /* Main.storyboard in Resources */,
			);
			runOnlyForDeploymentPostprocessing = 0;
		};
/* End PBXResourcesBuildPhase section */

/* Begin PBXSourcesBuildPhase section */
		1A208B5326861412007EEAF4 /* Sources */ = {
			isa = PBXSourcesBuildPhase;
			buildActionMask = 2147483647;
			files = (
				1A208B5F26861412007EEAF4 /* ViewController.swift in Sources */,
				1A208B5B26861412007EEAF4 /* AppDelegate.swift in Sources */,
				1A208B6F26861643007EEAF4 /* CustomTableViewCell.swift in Sources */,
				1A208B71268B460C007EEAF4 /* Stock.swift in Sources */,
				1A208B5D26861412007EEAF4 /* SceneDelegate.swift in Sources */,
			);
			runOnlyForDeploymentPostprocessing = 0;
		};
/* End PBXSourcesBuildPhase section */

/* Begin PBXVariantGroup section */
		1A208B6026861412007EEAF4 /* Main.storyboard */ = {
			isa = PBXVariantGroup;
			children = (
				1A208B6126861412007EEAF4 /* Base */,
			);
			name = Main.storyboard;
			sourceTree = "<group>";
		};
		1A208B6526861414007EEAF4 /* LaunchScreen.storyboard */ = {
			isa = PBXVariantGroup;
			children = (
				1A208B6626861414007EEAF4 /* Base */,
			);
			name = LaunchScreen.storyboard;
			sourceTree = "<group>";
		};
/* End PBXVariantGroup section */

/* Begin XCBuildConfiguration section */
		1A208B6926861414007EEAF4 /* Debug */ = {
			isa = XCBuildConfiguration;
			buildSettings = {
				ALWAYS_SEARCH_USER_PATHS = NO;
				CLANG_ANALYZER_NONNULL = YES;
				CLANG_ANALYZER_NUMBER_OBJECT_CONVERSION = YES_AGGRESSIVE;
				CLANG_CXX_LANGUAGE_STANDARD = "gnu++14";
				CLANG_CXX_LIBRARY = "libc++";
				CLANG_ENABLE_MODULES = YES;
				CLANG_ENABLE_OBJC_ARC = YES;
				CLANG_ENABLE_OBJC_WEAK = YES;
				CLANG_WARN_BLOCK_CAPTURE_AUTORELEASING = YES;
				CLANG_WARN_BOOL_CONVERSION = YES;
				CLANG_WARN_COMMA = YES;
				CLANG_WARN_CONSTANT_CONVERSION = YES;
				CLANG_WARN_DEPRECATED_OBJC_IMPLEMENTATIONS = YES;
				CLANG_WARN_DIRECT_OBJC_ISA_USAGE = YES_ERROR;
				CLANG_WARN_DOCUMENTATION_COMMENTS = YES;
				CLANG_WARN_EMPTY_BODY = YES;
				CLANG_WARN_ENUM_CONVERSION = YES;
				CLANG_WARN_INFINITE_RECURSION = YES;
				CLANG_WARN_INT_CONVERSION = YES;
				CLANG_WARN_NON_LITERAL_NULL_CONVERSION = YES;
				CLANG_WARN_OBJC_IMPLICIT_RETAIN_SELF = YES;
				CLANG_WARN_OBJC_LITERAL_CONVERSION = YES;
				CLANG_WARN_OBJC_ROOT_CLASS = YES_ERROR;
				CLANG_WARN_QUOTED_INCLUDE_IN_FRAMEWORK_HEADER = YES;
				CLANG_WARN_RANGE_LOOP_ANALYSIS = YES;
				CLANG_WARN_STRICT_PROTOTYPES = YES;
				CLANG_WARN_SUSPICIOUS_MOVE = YES;
				CLANG_WARN_UNGUARDED_AVAILABILITY = YES_AGGRESSIVE;
				CLANG_WARN_UNREACHABLE_CODE = YES;
				CLANG_WARN__DUPLICATE_METHOD_MATCH = YES;
				COPY_PHASE_STRIP = NO;
				DEBUG_INFORMATION_FORMAT = dwarf;
				ENABLE_STRICT_OBJC_MSGSEND = YES;
				ENABLE_TESTABILITY = YES;
				GCC_C_LANGUAGE_STANDARD = gnu11;
				GCC_DYNAMIC_NO_PIC = NO;
				GCC_NO_COMMON_BLOCKS = YES;
				GCC_OPTIMIZATION_LEVEL = 0;
				GCC_PREPROCESSOR_DEFINITIONS = (
					"DEBUG=1",
					"$(inherited)",
				);
				GCC_WARN_64_TO_32_BIT_CONVERSION = YES;
				GCC_WARN_ABOUT_RETURN_TYPE = YES_ERROR;
				GCC_WARN_UNDECLARED_SELECTOR = YES;
				GCC_WARN_UNINITIALIZED_AUTOS = YES_AGGRESSIVE;
				GCC_WARN_UNUSED_FUNCTION = YES;
				GCC_WARN_UNUSED_VARIABLE = YES;
				IPHONEOS_DEPLOYMENT_TARGET = 14.5;
				MTL_ENABLE_DEBUG_INFO = INCLUDE_SOURCE;
				MTL_FAST_MATH = YES;
				ONLY_ACTIVE_ARCH = YES;
				SDKROOT = iphoneos;
				SWIFT_ACTIVE_COMPILATION_CONDITIONS = DEBUG;
				SWIFT_OPTIMIZATION_LEVEL = "-Onone";
			};
			name = Debug;
		};
		1A208B6A26861414007EEAF4 /* Release */ = {
			isa = XCBuildConfiguration;
			buildSettings = {
				ALWAYS_SEARCH_USER_PATHS = NO;
				CLANG_ANALYZER_NONNULL = YES;
				CLANG_ANALYZER_NUMBER_OBJECT_CONVERSION = YES_AGGRESSIVE;
				CLANG_CXX_LANGUAGE_STANDARD = "gnu++14";
				CLANG_CXX_LIBRARY = "libc++";
				CLANG_ENABLE_MODULES = YES;
				CLANG_ENABLE_OBJC_ARC = YES;
				CLANG_ENABLE_OBJC_WEAK = YES;
				CLANG_WARN_BLOCK_CAPTURE_AUTORELEASING = YES;
				CLANG_WARN_BOOL_CONVERSION = YES;
				CLANG_WARN_COMMA = YES;
				CLANG_WARN_CONSTANT_CONVERSION = YES;
				CLANG_WARN_DEPRECATED_OBJC_IMPLEMENTATIONS = YES;
				CLANG_WARN_DIRECT_OBJC_ISA_USAGE = YES_ERROR;
				CLANG_WARN_DOCUMENTATION_COMMENTS = YES;
				CLANG_WARN_EMPTY_BODY = YES;
				CLANG_WARN_ENUM_CONVERSION = YES;
				CLANG_WARN_INFINITE_RECURSION = YES;
				CLANG_WARN_INT_CONVERSION = YES;
				CLANG_WARN_NON_LITERAL_NULL_CONVERSION = YES;
				CLANG_WARN_OBJC_IMPLICIT_RETAIN_SELF = YES;
				CLANG_WARN_OBJC_LITERAL_CONVERSION = YES;
				CLANG_WARN_OBJC_ROOT_CLASS = YES_ERROR;
				CLANG_WARN_QUOTED_INCLUDE_IN_FRAMEWORK_HEADER = YES;
				CLANG_WARN_RANGE_LOOP_ANALYSIS = YES;
				CLANG_WARN_STRICT_PROTOTYPES = YES;
				CLANG_WARN_SUSPICIOUS_MOVE = YES;
				CLANG_WARN_UNGUARDED_AVAILABILITY = YES_AGGRESSIVE;
				CLANG_WARN_UNREACHABLE_CODE = YES;
				CLANG_WARN__DUPLICATE_METHOD_MATCH = YES;
				COPY_PHASE_STRIP = NO;
				DEBUG_INFORMATION_FORMAT = "dwarf-with-dsym";
				ENABLE_NS_ASSERTIONS = NO;
				ENABLE_STRICT_OBJC_MSGSEND = YES;
				GCC_C_LANGUAGE_STANDARD = gnu11;
				GCC_NO_COMMON_BLOCKS = YES;
				GCC_WARN_64_TO_32_BIT_CONVERSION = YES;
				GCC_WARN_ABOUT_RETURN_TYPE = YES_ERROR;
				GCC_WARN_UNDECLARED_SELECTOR = YES;
				GCC_WARN_UNINITIALIZED_AUTOS = YES_AGGRESSIVE;
				GCC_WARN_UNUSED_FUNCTION = YES;
				GCC_WARN_UNUSED_VARIABLE = YES;
				IPHONEOS_DEPLOYMENT_TARGET = 14.5;
				MTL_ENABLE_DEBUG_INFO = NO;
				MTL_FAST_MATH = YES;
				SDKROOT = iphoneos;
				SWIFT_COMPILATION_MODE = wholemodule;
				SWIFT_OPTIMIZATION_LEVEL = "-O";
				VALIDATE_PRODUCT = YES;
			};
			name = Release;
		};
		1A208B6C26861414007EEAF4 /* Debug */ = {
			isa = XCBuildConfiguration;
			buildSettings = {
				ASSETCATALOG_COMPILER_APPICON_NAME = AppIcon;
				ASSETCATALOG_COMPILER_GLOBAL_ACCENT_COLOR_NAME = AccentColor;
				CODE_SIGN_STYLE = Automatic;
				DEVELOPMENT_TEAM = YMLJ84CN86;
				INFOPLIST_FILE = Stocks/Info.plist;
				LD_RUNPATH_SEARCH_PATHS = (
					"$(inherited)",
					"@executable_path/Frameworks",
				);
				PRODUCT_BUNDLE_IDENTIFIER = com.mfbs.Stocks;
				PRODUCT_NAME = "$(TARGET_NAME)";
				SWIFT_VERSION = 5.0;
				TARGETED_DEVICE_FAMILY = "1,2";
			};
			name = Debug;
		};
		1A208B6D26861414007EEAF4 /* Release */ = {
			isa = XCBuildConfiguration;
			buildSettings = {
				ASSETCATALOG_COMPILER_APPICON_NAME = AppIcon;
				ASSETCATALOG_COMPILER_GLOBAL_ACCENT_COLOR_NAME = AccentColor;
				CODE_SIGN_STYLE = Automatic;
				DEVELOPMENT_TEAM = YMLJ84CN86;
				INFOPLIST_FILE = Stocks/Info.plist;
				LD_RUNPATH_SEARCH_PATHS = (
					"$(inherited)",
					"@executable_path/Frameworks",
				);
				PRODUCT_BUNDLE_IDENTIFIER = com.mfbs.Stocks;
				PRODUCT_NAME = "$(TARGET_NAME)";
				SWIFT_VERSION = 5.0;
				TARGETED_DEVICE_FAMILY = "1,2";
			};
			name = Release;
		};
/* End XCBuildConfiguration section */

/* Begin XCConfigurationList section */
		1A208B5226861412007EEAF4 /* Build configuration list for PBXProject "Stocks" */ = {
			isa = XCConfigurationList;
			buildConfigurations = (
				1A208B6926861414007EEAF4 /* Debug */,
				1A208B6A26861414007EEAF4 /* Release */,
			);
			defaultConfigurationIsVisible = 0;
			defaultConfigurationName = Release;
		};
		1A208B6B26861414007EEAF4 /* Build configuration list for PBXNativeTarget "Stocks" */ = {
			isa = XCConfigurationList;
			buildConfigurations = (
				1A208B6C26861414007EEAF4 /* Debug */,
				1A208B6D26861414007EEAF4 /* Release */,
			);
			defaultConfigurationIsVisible = 0;
			defaultConfigurationName = Release;
		};
/* End XCConfigurationList section */

/* Begin XCRemoteSwiftPackageReference section */
		1A208B72268C79A0007EEAF4 /* XCRemoteSwiftPackageReference "TinyConstraints" */ = {
			isa = XCRemoteSwiftPackageReference;
			repositoryURL = "https://github.com/roberthein/TinyConstraints.git";
			requirement = {
				kind = upToNextMajorVersion;
				minimumVersion = 4.0.1;
			};
		};
/* End XCRemoteSwiftPackageReference section */

/* Begin XCSwiftPackageProductDependency section */
		1A208B73268C79A0007EEAF4 /* TinyConstraints */ = {
			isa = XCSwiftPackageProductDependency;
			package = 1A208B72268C79A0007EEAF4 /* XCRemoteSwiftPackageReference "TinyConstraints" */;
			productName = TinyConstraints;
		};
/* End XCSwiftPackageProductDependency section */
	};
	rootObject = 1A208B4F26861412007EEAF4 /* Project object */;
}
